```json
{
  "name": "dial-in-interview-scorer",
  "version": "0.1.0",
  "lockfileVersion": 3,
  "requires": true,
  "packages": {
    "": {
      "name": "dial-in-interview-scorer",
      "version": "0.1.0",
      "dependencies": {
        "@telnyx/edge-runtime": "^0.15.1"
      },
      "devDependencies": {
        "tsx": "^4.0.0",
        "vitest": "^2.0.0"
      }
    }
  }
}
```
