```json
{
  "name": "order-status-self-service",
  "version": "1.0.0",
  "lockfileVersion": 3,
  "requires": true,
  "packages": {
    "": {
      "name": "order-status-self-service",
      "version": "1.0.0",
      "dependencies": {
        "@telnyx/edge-runtime": "^0.15.1"
      },
      "devDependencies": {
        "vitest": "^2.0.0"
      }
    }
  }
}
```
